
Microsoft Visual Studio Solution File, Format Version 12.00
# Visual Studio Version 17
VisualStudioVersion = 17.14.36221.1 d17.14
MinimumVisualStudioVersion = 10.0.40219.1
Project("{FAE04EC0-301F-11D3-BF4B-00C04F79EFBC}") = "AnimeCorelauncher", "AnimeCorelauncher\AnimeCorelauncher.csproj", "{2269289A-4E23-4C9A-A7DA-A4FE884E669B}"
EndProject
Global
	GlobalSection(SolutionConfigurationPlatforms) = preSolution
		Debug|Any CPU = Debug|Any CPU
		Release|Any CPU = Release|Any CPU
	EndGlobalSection
	GlobalSection(ProjectConfigurationPlatforms) = postSolution
		{2269289A-4E23-4C9A-A7DA-A4FE884E669B}.Debug|Any CPU.ActiveCfg = Debug|Any CPU
		{2269289A-4E23-4C9A-A7DA-A4FE884E669B}.Debug|Any CPU.Build.0 = Debug|Any CPU
		{2269289A-4E23-4C9A-A7DA-A4FE884E669B}.Release|Any CPU.ActiveCfg = Release|Any CPU
		{2269289A-4E23-4C9A-A7DA-A4FE884E669B}.Release|Any CPU.Build.0 = Release|Any CPU
	EndGlobalSection
	GlobalSection(SolutionProperties) = preSolution
		HideSolutionNode = FALSE
	EndGlobalSection
	GlobalSection(ExtensibilityGlobals) = postSolution
		SolutionGuid = {B171EDFD-E263-47DC-97B7-F3576133F179}
	EndGlobalSection
EndGlobal
